// !$*UTF8*$!
{
	archiveVersion = 1;
	classes = {
	};
	objectVersion = 46;
	objects = {

/* Begin PBXBuildFile section */
		142137231DC61FE000363E21 /* main.swift in Sources */ = {isa = PBXBuildFile; fileRef = 142137221DC61FE000363E21 /* main.swift */; };
		1421372A1DC6210C00363E21 /* Emanon.swift in Sources */ = {isa = PBXBuildFile; fileRef = 142137291DC6210C00363E21 /* Emanon.swift */; };
		1421373F1DC7660400363E21 /* Array+RandomItem.swift in Sources */ = {isa = PBXBuildFile; fileRef = 1421373E1DC7660400363E21 /* Array+RandomItem.swift */; };
		144169EA1DE2630D001C589B /* EmanonImage.swift in Sources */ = {isa = PBXBuildFile; fileRef = 144169E91DE2630D001C589B /* EmanonImage.swift */; };
/* End PBXBuildFile section */

/* Begin PBXCopyFilesBuildPhase section */
		1421371D1DC61FE000363E21 /* CopyFiles */ = {
			isa = PBXCopyFilesBuildPhase;
			buildActionMask = 2147483647;
			dstPath = /usr/share/man/man1/;
			dstSubfolderSpec = 0;
			files = (
			);
			runOnlyForDeploymentPostprocessing = 1;
		};
/* End PBXCopyFilesBuildPhase section */

/* Begin PBXFileReference section */
		1421371F1DC61FE000363E21 /* Emanon */ = {isa = PBXFileReference; explicitFileType = "compiled.mach-o.executable"; includeInIndex = 0; path = Emanon; sourceTree = BUILT_PRODUCTS_DIR; };
		142137221DC61FE000363E21 /* main.swift */ = {isa = PBXFileReference; lastKnownFileType = sourcecode.swift; path = main.swift; sourceTree = "<group>"; };
		142137291DC6210C00363E21 /* Emanon.swift */ = {isa = PBXFileReference; fileEncoding = 4; lastKnownFileType = sourcecode.swift; path = Emanon.swift; sourceTree = "<group>"; };
		1421373E1DC7660400363E21 /* Array+RandomItem.swift */ = {isa = PBXFileReference; fileEncoding = 4; lastKnownFileType = sourcecode.swift; path = "Array+RandomItem.swift"; sourceTree = "<group>"; };
		144169E91DE2630D001C589B /* EmanonImage.swift */ = {isa = PBXFileReference; fileEncoding = 4; lastKnownFileType = sourcecode.swift; path = EmanonImage.swift; sourceTree = "<group>"; };
/* End PBXFileReference section */

/* Begin PBXFrameworksBuildPhase section */
		1421371C1DC61FE000363E21 /* Frameworks */ = {
			isa = PBXFrameworksBuildPhase;
			buildActionMask = 2147483647;
			files = (
			);
			runOnlyForDeploymentPostprocessing = 0;
		};
/* End PBXFrameworksBuildPhase section */

/* Begin PBXGroup section */
		142137161DC61FE000363E21 = {
			isa = PBXGroup;
			children = (
				142137211DC61FE000363E21 /* Emanon */,
				142137201DC61FE000363E21 /* Products */,
			);
			sourceTree = "<group>";
		};
		142137201DC61FE000363E21 /* Products */ = {
			isa = PBXGroup;
			children = (
				1421371F1DC61FE000363E21 /* Emanon */,
			);
			name = Products;
			sourceTree = "<group>";
		};
		142137211DC61FE000363E21 /* Emanon */ = {
			isa = PBXGroup;
			children = (
				142137221DC61FE000363E21 /* main.swift */,
				142137291DC6210C00363E21 /* Emanon.swift */,
				144169E91DE2630D001C589B /* EmanonImage.swift */,
				1421373E1DC7660400363E21 /* Array+RandomItem.swift */,
			);
			path = Emanon;
			sourceTree = "<group>";
		};
/* End PBXGroup section */

/* Begin PBXNativeTarget section */
		1421371E1DC61FE000363E21 /* Emanon */ = {
			isa = PBXNativeTarget;
			buildConfigurationList = 142137261DC61FE000363E21 /* Build configuration list for PBXNativeTarget "Emanon" */;
			buildPhases = (
				1421371B1DC61FE000363E21 /* Sources */,
				1421371C1DC61FE000363E21 /* Frameworks */,
				1421371D1DC61FE000363E21 /* CopyFiles */,
			);
			buildRules = (
			);
			dependencies = (
			);
			name = Emanon;
			productName = Emanon;
			productReference = 1421371F1DC61FE000363E21 /* Emanon */;
			productType = "com.apple.product-type.tool";
		};
/* End PBXNativeTarget section */

/* Begin PBXProject section */
		142137171DC61FE000363E21 /* Project object */ = {
			isa = PBXProject;
			attributes = {
				LastSwiftUpdateCheck = 0800;
				LastUpgradeCheck = 0810;
				ORGANIZATIONNAME = antfarm;
				TargetAttributes = {
					1421371E1DC61FE000363E21 = {
						CreatedOnToolsVersion = 8.0;
						DevelopmentTeam = NC55XYQH45;
						ProvisioningStyle = Automatic;
					};
				};
			};
			buildConfigurationList = 1421371A1DC61FE000363E21 /* Build configuration list for PBXProject "Emanon" */;
			compatibilityVersion = "Xcode 3.2";
			developmentRegion = English;
			hasScannedForEncodings = 0;
			knownRegions = (
				en,
			);
			mainGroup = 142137161DC61FE000363E21;
			productRefGroup = 142137201DC61FE000363E21 /* Products */;
			projectDirPath = "";
			projectRoot = "";
			targets = (
				1421371E1DC61FE000363E21 /* Emanon */,
			);
		};
/* End PBXProject section */

/* Begin PBXSourcesBuildPhase section */
		1421371B1DC61FE000363E21 /* Sources */ = {
			isa = PBXSourcesBuildPhase;
			buildActionMask = 2147483647;
			files = (
				142137231DC61FE000363E21 /* main.swift in Sources */,
				144169EA1DE2630D001C589B /* EmanonImage.swift in Sources */,
				1421373F1DC7660400363E21 /* Array+RandomItem.swift in Sources */,
				1421372A1DC6210C00363E21 /* Emanon.swift in Sources */,
			);
			runOnlyForDeploymentPostprocessing = 0;
		};
/* End PBXSourcesBuildPhase section */

/* Begin XCBuildConfiguration section */
		142137241DC61FE000363E21 /* Debug */ = {
			isa = XCBuildConfiguration;
			buildSettings = {
				ALWAYS_SEARCH_USER_PATHS = NO;
				CLANG_ANALYZER_NONNULL = YES;
				CLANG_CXX_LANGUAGE_STANDARD = "gnu++0x";
				CLANG_CXX_LIBRARY = "libc++";
				CLANG_ENABLE_MODULES = YES;
				CLANG_ENABLE_OBJC_ARC = YES;
				CLANG_WARN_BOOL_CONVERSION = YES;
				CLANG_WARN_CONSTANT_CONVERSION = YES;
				CLANG_WARN_DIRECT_OBJC_ISA_USAGE = YES_ERROR;
				CLANG_WARN_DOCUMENTATION_COMMENTS = YES;
				CLANG_WARN_EMPTY_BODY = YES;
				CLANG_WARN_ENUM_CONVERSION = YES;
				CLANG_WARN_INFINITE_RECURSION = YES;
				CLANG_WARN_INT_CONVERSION = YES;
				CLANG_WARN_OBJC_ROOT_CLASS = YES_ERROR;
				CLANG_WARN_SUSPICIOUS_MOVE = YES;
				CLANG_WARN_SUSPICIOUS_MOVES = YES;
				CLANG_WARN_UNREACHABLE_CODE = YES;
				CLANG_WARN__DUPLICATE_METHOD_MATCH = YES;
				CODE_SIGN_IDENTITY = "-";
				COPY_PHASE_STRIP = NO;
				DEBUG_INFORMATION_FORMAT = dwarf;
				ENABLE_STRICT_OBJC_MSGSEND = YES;
				ENABLE_TESTABILITY = YES;
				GCC_C_LANGUAGE_STANDARD = gnu99;
				GCC_DYNAMIC_NO_PIC = NO;
				GCC_NO_COMMON_BLOCKS = YES;
				GCC_OPTIMIZATION_LEVEL = 0;
				GCC_PREPROCESSOR_DEFINITIONS = (
					"DEBUG=1",
					"$(inherited)",
				);
				GCC_WARN_64_TO_32_BIT_CONVERSION = YES;
				GCC_WARN_ABOUT_RETURN_TYPE = YES_ERROR;
				GCC_WARN_UNDECLARED_SELECTOR = YES;
				GCC_WARN_UNINITIALIZED_AUTOS = YES_AGGRESSIVE;
				GCC_WARN_UNUSED_FUNCTION = YES;
				GCC_WARN_UNUSED_VARIABLE = YES;
				MACOSX_DEPLOYMENT_TARGET = 10.12;
				MTL_ENABLE_DEBUG_INFO = YES;
				ONLY_ACTIVE_ARCH = YES;
				SDKROOT = macosx;
				SWIFT_OPTIMIZATION_LEVEL = "-Onone";
			};
			name = Debug;
		};
		142137251DC61FE000363E21 /* Release */ = {
			isa = XCBuildConfiguration;
			buildSettings = {
				ALWAYS_SEARCH_USER_PATHS = NO;
				CLANG_ANALYZER_NONNULL = YES;
				CLANG_CXX_LANGUAGE_STANDARD = "gnu++0x";
				CLANG_CXX_LIBRARY = "libc++";
				CLANG_ENABLE_MODULES = YES;
				CLANG_ENABLE_OBJC_ARC = YES;
				CLANG_WARN_BOOL_CONVERSION = YES;
				CLANG_WARN_CONSTANT_CONVERSION = YES;
				CLANG_WARN_DIRECT_OBJC_ISA_USAGE = YES_ERROR;
				CLANG_WARN_DOCUMENTATION_COMMENTS = YES;
				CLANG_WARN_EMPTY_BODY = YES;
				CLANG_WARN_ENUM_CONVERSION = YES;
				CLANG_WARN_INFINITE_RECURSION = YES;
				CLANG_WARN_INT_CONVERSION = YES;
				CLANG_WARN_OBJC_ROOT_CLASS = YES_ERROR;
				CLANG_WARN_SUSPICIOUS_MOVE = YES;
				CLANG_WARN_SUSPICIOUS_MOVES = YES;
				CLANG_WARN_UNREACHABLE_CODE = YES;
				CLANG_WARN__DUPLICATE_METHOD_MATCH = YES;
				CODE_SIGN_IDENTITY = "-";
				COPY_PHASE_STRIP = NO;
				DEBUG_INFORMATION_FORMAT = "dwarf-with-dsym";
				ENABLE_NS_ASSERTIONS = NO;
				ENABLE_STRICT_OBJC_MSGSEND = YES;
				GCC_C_LANGUAGE_STANDARD = gnu99;
				GCC_NO_COMMON_BLOCKS = YES;
				GCC_WARN_64_TO_32_BIT_CONVERSION = YES;
				GCC_WARN_ABOUT_RETURN_TYPE = YES_ERROR;
				GCC_WARN_UNDECLARED_SELECTOR = YES;
				GCC_WARN_UNINITIALIZED_AUTOS = YES_AGGRESSIVE;
				GCC_WARN_UNUSED_FUNCTION = YES;
				GCC_WARN_UNUSED_VARIABLE = YES;
				MACOSX_DEPLOYMENT_TARGET = 10.12;
				MTL_ENABLE_DEBUG_INFO = NO;
				SDKROOT = macosx;
				SWIFT_OPTIMIZATION_LEVEL = "-Owholemodule";
			};
			name = Release;
		};
		142137271DC61FE000363E21 /* Debug */ = {
			isa = XCBuildConfiguration;
			buildSettings = {
				DEVELOPMENT_TEAM = NC55XYQH45;
				PRODUCT_NAME = "$(TARGET_NAME)";
				SWIFT_VERSION = 3.0;
			};
			name = Debug;
		};
		142137281DC61FE000363E21 /* Release */ = {
			isa = XCBuildConfiguration;
			buildSettings = {
				DEVELOPMENT_TEAM = NC55XYQH45;
				PRODUCT_NAME = "$(TARGET_NAME)";
				SWIFT_VERSION = 3.0;
			};
			name = Release;
		};
/* End XCBuildConfiguration section */

/* Begin XCConfigurationList section */
		1421371A1DC61FE000363E21 /* Build configuration list for PBXProject "Emanon" */ = {
			isa = XCConfigurationList;
			buildConfigurations = (
				142137241DC61FE000363E21 /* Debug */,
				142137251DC61FE000363E21 /* Release */,
			);
			defaultConfigurationIsVisible = 0;
			defaultConfigurationName = Release;
		};
		142137261DC61FE000363E21 /* Build configuration list for PBXNativeTarget "Emanon" */ = {
			isa = XCConfigurationList;
			buildConfigurations = (
				142137271DC61FE000363E21 /* Debug */,
				142137281DC61FE000363E21 /* Release */,
			);
			defaultConfigurationIsVisible = 0;
			defaultConfigurationName = Release;
		};
/* End XCConfigurationList section */
	};
	rootObject = 142137171DC61FE000363E21 /* Project object */;
}
